
Microsoft Visual Studio Solution File, Format Version 12.00
Project("{2150E333-8FDC-42A3-9474-1A3956D46DE8}") = "Server", "Server", "{84C2E792-CC81-423C-B967-0692237ADAFC}"
EndProject
Project("{FAE04EC0-301F-11D3-BF4B-00C04F79EFBC}") = "Entities", "Server\Entities\Entities.csproj", "{FA133CFE-7DB8-4186-AD0B-39E0C8C38251}"
EndProject
Project("{FAE04EC0-301F-11D3-BF4B-00C04F79EFBC}") = "RepositoryContracts", "Server\RepositoryContracts\RepositoryContracts.csproj", "{ED6CB60D-6B4F-4E07-B8F0-B7C10643E114}"
EndProject
Project("{FAE04EC0-301F-11D3-BF4B-00C04F79EFBC}") = "InMemoryRepository", "Server\InMemoryRepository\InMemoryRepository.csproj", "{D9ABEA7D-D7A2-4442-9335-6C270AE26EC2}"
EndProject
Global
	GlobalSection(SolutionConfigurationPlatforms) = preSolution
		Debug|Any CPU = Debug|Any CPU
		Release|Any CPU = Release|Any CPU
	EndGlobalSection
	GlobalSection(NestedProjects) = preSolution
		{FA133CFE-7DB8-4186-AD0B-39E0C8C38251} = {84C2E792-CC81-423C-B967-0692237ADAFC}
		{ED6CB60D-6B4F-4E07-B8F0-B7C10643E114} = {84C2E792-CC81-423C-B967-0692237ADAFC}
		{D9ABEA7D-D7A2-4442-9335-6C270AE26EC2} = {84C2E792-CC81-423C-B967-0692237ADAFC}
	EndGlobalSection
	GlobalSection(ProjectConfigurationPlatforms) = postSolution
		{FA133CFE-7DB8-4186-AD0B-39E0C8C38251}.Debug|Any CPU.ActiveCfg = Debug|Any CPU
		{FA133CFE-7DB8-4186-AD0B-39E0C8C38251}.Debug|Any CPU.Build.0 = Debug|Any CPU
		{FA133CFE-7DB8-4186-AD0B-39E0C8C38251}.Release|Any CPU.ActiveCfg = Release|Any CPU
		{FA133CFE-7DB8-4186-AD0B-39E0C8C38251}.Release|Any CPU.Build.0 = Release|Any CPU
		{ED6CB60D-6B4F-4E07-B8F0-B7C10643E114}.Debug|Any CPU.ActiveCfg = Debug|Any CPU
		{ED6CB60D-6B4F-4E07-B8F0-B7C10643E114}.Debug|Any CPU.Build.0 = Debug|Any CPU
		{ED6CB60D-6B4F-4E07-B8F0-B7C10643E114}.Release|Any CPU.ActiveCfg = Release|Any CPU
		{ED6CB60D-6B4F-4E07-B8F0-B7C10643E114}.Release|Any CPU.Build.0 = Release|Any CPU
		{D9ABEA7D-D7A2-4442-9335-6C270AE26EC2}.Debug|Any CPU.ActiveCfg = Debug|Any CPU
		{D9ABEA7D-D7A2-4442-9335-6C270AE26EC2}.Debug|Any CPU.Build.0 = Debug|Any CPU
		{D9ABEA7D-D7A2-4442-9335-6C270AE26EC2}.Release|Any CPU.ActiveCfg = Release|Any CPU
		{D9ABEA7D-D7A2-4442-9335-6C270AE26EC2}.Release|Any CPU.Build.0 = Release|Any CPU
	EndGlobalSection
EndGlobal
